
Microsoft Visual Studio Solution File, Format Version 12.00
# Visual Studio Version 17
VisualStudioVersion = 17.11.35327.3
MinimumVisualStudioVersion = 10.0.40219.1
Project("{FAE04EC0-301F-11D3-BF4B-00C04F79EFBC}") = "dodanie_elementu", "dodanie_elementu\dodanie_elementu.csproj", "{44871505-E105-4E87-8CE7-43B930AD5C1C}"
EndProject
Global
	GlobalSection(SolutionConfigurationPlatforms) = preSolution
		Debug|Any CPU = Debug|Any CPU
		Release|Any CPU = Release|Any CPU
	EndGlobalSection
	GlobalSection(ProjectConfigurationPlatforms) = postSolution
		{44871505-E105-4E87-8CE7-43B930AD5C1C}.Debug|Any CPU.ActiveCfg = Debug|Any CPU
		{44871505-E105-4E87-8CE7-43B930AD5C1C}.Debug|Any CPU.Build.0 = Debug|Any CPU
		{44871505-E105-4E87-8CE7-43B930AD5C1C}.Release|Any CPU.ActiveCfg = Release|Any CPU
		{44871505-E105-4E87-8CE7-43B930AD5C1C}.Release|Any CPU.Build.0 = Release|Any CPU
	EndGlobalSection
	GlobalSection(SolutionProperties) = preSolution
		HideSolutionNode = FALSE
	EndGlobalSection
	GlobalSection(ExtensibilityGlobals) = postSolution
		SolutionGuid = {F475D6F9-B4A0-45B2-8ADD-55093A3CE7E9}
	EndGlobalSection
EndGlobal
